
Microsoft Visual Studio Solution File, Format Version 12.00
# Visual Studio Version 17
VisualStudioVersion = 17.14.36511.14 d17.14
MinimumVisualStudioVersion = 10.0.40219.1
Project("{FAE04EC0-301F-11D3-BF4B-00C04F79EFBC}") = "AppDev _Act1", "AppDev _Act1\AppDev _Act1.csproj", "{9C1316E0-2098-44C9-8FC1-A3A3D539D832}"
EndProject
Global
	GlobalSection(SolutionConfigurationPlatforms) = preSolution
		Debug|Any CPU = Debug|Any CPU
		Release|Any CPU = Release|Any CPU
	EndGlobalSection
	GlobalSection(ProjectConfigurationPlatforms) = postSolution
		{9C1316E0-2098-44C9-8FC1-A3A3D539D832}.Debug|Any CPU.ActiveCfg = Debug|Any CPU
		{9C1316E0-2098-44C9-8FC1-A3A3D539D832}.Debug|Any CPU.Build.0 = Debug|Any CPU
		{9C1316E0-2098-44C9-8FC1-A3A3D539D832}.Release|Any CPU.ActiveCfg = Release|Any CPU
		{9C1316E0-2098-44C9-8FC1-A3A3D539D832}.Release|Any CPU.Build.0 = Release|Any CPU
	EndGlobalSection
	GlobalSection(SolutionProperties) = preSolution
		HideSolutionNode = FALSE
	EndGlobalSection
	GlobalSection(ExtensibilityGlobals) = postSolution
		SolutionGuid = {8A843E0D-D068-43EE-AE43-CED7A9584351}
	EndGlobalSection
EndGlobal
